{
    "requires": true,
    "lockfileVersion": 1,
    "dependencies": {
        "@patternfly/patternfly": {
            "version": "2.49.0",
            "resolved": "https://registry.npmjs.org/@patternfly/patternfly/-/patternfly-2.49.0.tgz",
            "integrity": "sha512-AiPmvdgE5No6F0Vd2L/cid6NGkC7bc9qu5DzKcK9q7ZKzE5o9Skm6XUg0HngWx6UvSR+YlUuj/TGCo3MK+RoMw=="
        }
    }
}
